<?xml version="1.0" encoding="utf-8"?>
<Project ToolsVersion="4.0" xmlns="http://schemas.microsoft.com/developer/msbuild/2003">
  <ItemGroup>
    <Filter Include="Source Files">
      <UniqueIdentifier>{4FC737F1-C7A5-4376-A066-2A32D752A2FF}</UniqueIdentifier>
      <Extensions>cpp;c;cc;cxx;def;odl;idl;hpj;bat;asm;asmx</Extensions>
    </Filter>
    <Filter Include="Header Files">
      <UniqueIdentifier>{93995380-89BD-4b04-88EB-625FBE52EBFB}</UniqueIdentifier>
      <Extensions>h;hh;hpp;hxx;hm;inl;inc;xsd</Extensions>
    </Filter>
    <Filter Include="Resource Files">
      <UniqueIdentifier>{67DA6AB6-F800-4c08-8B7A-83BB121AAD01}</UniqueIdentifier>
      <Extensions>rc;ico;cur;bmp;dlg;rc2;rct;bin;rgs;gif;jpg;jpeg;jpe;resx;tiff;tif;png;wav;mfcribbon-ms</Extensions>
    </Filter>
    <Filter Include="Source Files\Model">
      <UniqueIdentifier>{37b3b2e2-2647-4cff-9ed7-b021cddec9b9}</UniqueIdentifier>
    </Filter>
    <Filter Include="Source Files\Controller">
      <UniqueIdentifier>{b39f04a0-fb7c-4339-a677-6c1b82da4d5d}</UniqueIdentifier>
    </Filter>
    <Filter Include="Source Files\Services">
      <UniqueIdentifier>{0b321961-fcf3-4cc0-bb0b-fd6cccdb9c18}</UniqueIdentifier>
    </Filter>
    <Filter Include="Source Files\Sockets">
        <UniqueIdentifier>{0b321961-8c8m-4cc0-bb0b-fd6hfitx9c18}</UniqueIdentifier>
    </Filter>
    <Filter Include="Header Files\Controller">
      <UniqueIdentifier>{5b3e1953-7660-4cce-a77b-77a7041662cc}</UniqueIdentifier>
    </Filter>
    <Filter Include="Header Files\Model">
      <UniqueIdentifier>{35bb7052-3c1e-4680-b2f2-dc5de4a6a790}</UniqueIdentifier>
    </Filter>
    <Filter Include="Header Files\Services">
      <UniqueIdentifier>{d0031374-0054-4dde-9e5a-7685653fb55b}</UniqueIdentifier>
    </Filter>
    <Filter Include="Header Files\Sockets">
        <UniqueIdentifier>{ht431374-0054-3dde-9e5a-7685653fb88x}</UniqueIdentifier>
    </Filter>
  </ItemGroup>
  <ItemGroup>
    <ClCompile Include="BuildCard.cpp">
      <Filter>Source Files\Model</Filter>
    </ClCompile>
    <ClCompile Include="PlayerCard.cpp">
      <Filter>Source Files\Model</Filter>
    </ClCompile>
    <ClCompile Include="Player.cpp">
      <Filter>Source Files\Model</Filter>
    </ClCompile>
    <ClCompile Include="GoldCard.cpp">
      <Filter>Source Files\Model</Filter>
    </ClCompile>
    <ClCompile Include="Card.cpp">
      <Filter>Source Files\Model</Filter>
    </ClCompile>
    <ClCompile Include="GameManager.cpp">
      <Filter>Source Files\Controller</Filter>
    </ClCompile>
    <ClCompile Include="FileIO.cpp">
      <Filter>Source Files\Services</Filter>
    </ClCompile>
    <ClCompile Include="Main.cpp">
      <Filter>Source Files</Filter>
    </ClCompile>
    <ClCompile Include="NetworkServices.cpp">
      <Filter>Source Files\Services</Filter>
    </ClCompile>
    <ClCompile Include="Socket.cpp">
        <Filter>Source Files\Sockets</Filter>
    </ClCompile>
    <ClCompile Include="ClientSocket.cpp">
        <Filter>Source Files\Sockets</Filter>
    </ClCompile>
    <ClCompile Include="Throw.cpp">
        <Filter>Source Files\Sockets</Filter>
    </ClCompile>
  </ItemGroup>
  <ItemGroup>
    <ClInclude Include="GameManager.h">
      <Filter>Header Files\Controller</Filter>
    </ClInclude>
    <ClInclude Include="BuildCard.h">
      <Filter>Header Files\Model</Filter>
    </ClInclude>
    <ClInclude Include="Card.h">
      <Filter>Header Files\Model</Filter>
    </ClInclude>
    <ClInclude Include="GoldCard.h">
      <Filter>Header Files\Model</Filter>
    </ClInclude>
    <ClInclude Include="Player.h">
      <Filter>Header Files\Model</Filter>
    </ClInclude>
    <ClInclude Include="PlayerCard.h">
      <Filter>Header Files\Model</Filter>
    </ClInclude>
    <ClInclude Include="FileIO.h">
      <Filter>Header Files\Services</Filter>
    </ClInclude>
    <ClInclude Include="NetworkServices.h">
      <Filter>Header Files\Services</Filter>
    </ClInclude>
    <ClInclude Include="Socket.h">
        <Filter>Header Files\Sockets</Filter>
    </ClInclude>
    <ClInclude Include="ClientSocket.h">
        <Filter>Header Files\Sockets</Filter>
    </ClInclude>
    <ClInclude Include="Throw.h">
        <Filter>Header Files\Sockets</Filter>
    </ClInclude>
  </ItemGroup>
</Project>